
Microsoft Visual Studio Solution File, Format Version 12.00
# Visual Studio 2013
VisualStudioVersion = 12.0.21005.1
MinimumVisualStudioVersion = 10.0.40219.1
Project("{FAE04EC0-301F-11D3-BF4B-00C04F79EFBC}") = "view", "TCC\view.csproj", "{631681EA-6566-4187-928F-17396B793FD6}"
EndProject
Project("{FAE04EC0-301F-11D3-BF4B-00C04F79EFBC}") = "dto", "dto\dto.csproj", "{2C396CC7-2DB9-4A78-A5CE-79E933E48CE7}"
EndProject
Project("{FAE04EC0-301F-11D3-BF4B-00C04F79EFBC}") = "dao", "dao\dao.csproj", "{F76408A5-7B49-45C8-9833-FC9D7BCBF77C}"
EndProject
Project("{FAE04EC0-301F-11D3-BF4B-00C04F79EFBC}") = "model", "model\model.csproj", "{60D37890-9790-4A46-8859-88468C515960}"
EndProject
Project("{2150E333-8FDC-42A3-9474-1A3956D46DE8}") = "Solution Items", "Solution Items", "{6956D01C-39A5-4464-9380-419AC8EE7DF5}"
	ProjectSection(SolutionItems) = preProject
		..\Cadastro\Cadastro\Validacao.cs = ..\Cadastro\Cadastro\Validacao.cs
	EndProjectSection
EndProject
Global
	GlobalSection(SolutionConfigurationPlatforms) = preSolution
		Debug|Any CPU = Debug|Any CPU
		Release|Any CPU = Release|Any CPU
	EndGlobalSection
	GlobalSection(ProjectConfigurationPlatforms) = postSolution
		{631681EA-6566-4187-928F-17396B793FD6}.Debug|Any CPU.ActiveCfg = Debug|Any CPU
		{631681EA-6566-4187-928F-17396B793FD6}.Debug|Any CPU.Build.0 = Debug|Any CPU
		{631681EA-6566-4187-928F-17396B793FD6}.Release|Any CPU.ActiveCfg = Release|Any CPU
		{631681EA-6566-4187-928F-17396B793FD6}.Release|Any CPU.Build.0 = Release|Any CPU
		{2C396CC7-2DB9-4A78-A5CE-79E933E48CE7}.Debug|Any CPU.ActiveCfg = Debug|Any CPU
		{2C396CC7-2DB9-4A78-A5CE-79E933E48CE7}.Debug|Any CPU.Build.0 = Debug|Any CPU
		{2C396CC7-2DB9-4A78-A5CE-79E933E48CE7}.Release|Any CPU.ActiveCfg = Release|Any CPU
		{2C396CC7-2DB9-4A78-A5CE-79E933E48CE7}.Release|Any CPU.Build.0 = Release|Any CPU
		{F76408A5-7B49-45C8-9833-FC9D7BCBF77C}.Debug|Any CPU.ActiveCfg = Debug|Any CPU
		{F76408A5-7B49-45C8-9833-FC9D7BCBF77C}.Debug|Any CPU.Build.0 = Debug|Any CPU
		{F76408A5-7B49-45C8-9833-FC9D7BCBF77C}.Release|Any CPU.ActiveCfg = Release|Any CPU
		{F76408A5-7B49-45C8-9833-FC9D7BCBF77C}.Release|Any CPU.Build.0 = Release|Any CPU
		{60D37890-9790-4A46-8859-88468C515960}.Debug|Any CPU.ActiveCfg = Debug|Any CPU
		{60D37890-9790-4A46-8859-88468C515960}.Debug|Any CPU.Build.0 = Debug|Any CPU
		{60D37890-9790-4A46-8859-88468C515960}.Release|Any CPU.ActiveCfg = Release|Any CPU
		{60D37890-9790-4A46-8859-88468C515960}.Release|Any CPU.Build.0 = Release|Any CPU
	EndGlobalSection
	GlobalSection(SolutionProperties) = preSolution
		HideSolutionNode = FALSE
	EndGlobalSection
EndGlobal
